version = 1
revision = 3
requires-python = ">=3.12"

[[package]]
name = "srt"
version = "3.5.3"
source = { registry = "https://pypi.org/simple" }
sdist = { url = "https://files.pythonhosted.org/packages/66/b7/4a1bc231e0681ebf339337b0cd05b91dc6a0d701fa852bb812e244b7a030/srt-3.5.3.tar.gz", hash = "sha256:4884315043a4f0740fd1f878ed6caa376ac06d70e135f306a6dc44632eed0cc0", size = 28296, upload-time = "2023-03-28T02:35:44.007Z" }

[[package]]
name = "ytb-transfer"
version = "0.1.0"
source = { virtual = "." }
dependencies = [
    { name = "srt" },
]

[package.metadata]
requires-dist = [{ name = "srt", specifier = ">=3.5.3" }]
